
Microsoft Visual Studio Solution File, Format Version 12.00
# Visual Studio Version 17
VisualStudioVersion = 17.8.34525.116
MinimumVisualStudioVersion = 10.0.40219.1
Project("{FAE04EC0-301F-11D3-BF4B-00C04F79EFBC}") = "Pr1", "Pr1\Pr1.csproj", "{D5432CC1-8193-4CB0-9417-B88B85451BCB}"
EndProject
Project("{FAE04EC0-301F-11D3-BF4B-00C04F79EFBC}") = "Pr2", "Pr2\Pr2.csproj", "{E5EA05B9-48E8-4D6C-B914-A14F8AAAE513}"
EndProject
Global
	GlobalSection(SolutionConfigurationPlatforms) = preSolution
		Debug|Any CPU = Debug|Any CPU
		Release|Any CPU = Release|Any CPU
	EndGlobalSection
	GlobalSection(ProjectConfigurationPlatforms) = postSolution
		{D5432CC1-8193-4CB0-9417-B88B85451BCB}.Debug|Any CPU.ActiveCfg = Debug|Any CPU
		{D5432CC1-8193-4CB0-9417-B88B85451BCB}.Debug|Any CPU.Build.0 = Debug|Any CPU
		{D5432CC1-8193-4CB0-9417-B88B85451BCB}.Release|Any CPU.ActiveCfg = Release|Any CPU
		{D5432CC1-8193-4CB0-9417-B88B85451BCB}.Release|Any CPU.Build.0 = Release|Any CPU
		{E5EA05B9-48E8-4D6C-B914-A14F8AAAE513}.Debug|Any CPU.ActiveCfg = Debug|Any CPU
		{E5EA05B9-48E8-4D6C-B914-A14F8AAAE513}.Debug|Any CPU.Build.0 = Debug|Any CPU
		{E5EA05B9-48E8-4D6C-B914-A14F8AAAE513}.Release|Any CPU.ActiveCfg = Release|Any CPU
		{E5EA05B9-48E8-4D6C-B914-A14F8AAAE513}.Release|Any CPU.Build.0 = Release|Any CPU
	EndGlobalSection
	GlobalSection(SolutionProperties) = preSolution
		HideSolutionNode = FALSE
	EndGlobalSection
	GlobalSection(ExtensibilityGlobals) = postSolution
		SolutionGuid = {C6108C41-0B26-42D2-A501-D4D36DC4475B}
	EndGlobalSection
EndGlobal
